// !$*UTF8*$!
{
	archiveVersion = 1;
	classes = {
	};
	objectVersion = 46;
	objects = {

/* Begin PBXBuildFile section */
		6CA7D4B1196C8A7C009DE89B /* Foundation.framework in Frameworks */ = {isa = PBXBuildFile; fileRef = 6CA7D4B0196C8A7C009DE89B /* Foundation.framework */; };
		6CA7D4B3196C8A7C009DE89B /* CoreGraphics.framework in Frameworks */ = {isa = PBXBuildFile; fileRef = 6CA7D4B2196C8A7C009DE89B /* CoreGraphics.framework */; };
		6CA7D4B5196C8A7C009DE89B /* UIKit.framework in Frameworks */ = {isa = PBXBuildFile; fileRef = 6CA7D4B4196C8A7C009DE89B /* UIKit.framework */; };
		6CA7D4B7196C8A7C009DE89B /* CoreData.framework in Frameworks */ = {isa = PBXBuildFile; fileRef = 6CA7D4B6196C8A7C009DE89B /* CoreData.framework */; };
		6CA7D4BD196C8A7C009DE89B /* InfoPlist.strings in Resources */ = {isa = PBXBuildFile; fileRef = 6CA7D4BB196C8A7C009DE89B /* InfoPlist.strings */; };
		6CA7D4BF196C8A7C009DE89B /* main.m in Sources */ = {isa = PBXBuildFile; fileRef = 6CA7D4BE196C8A7C009DE89B /* main.m */; };
		6CA7D4C3196C8A7C009DE89B /* ACUAppDelegate.m in Sources */ = {isa = PBXBuildFile; fileRef = 6CA7D4C2196C8A7C009DE89B /* ACUAppDelegate.m */; };
		6CA7D4C6196C8A7C009DE89B /* Remindersv3.xcdatamodeld in Sources */ = {isa = PBXBuildFile; fileRef = 6CA7D4C4196C8A7C009DE89B /* Remindersv3.xcdatamodeld */; };
		6CA7D4C8196C8A7C009DE89B /* Images.xcassets in Resources */ = {isa = PBXBuildFile; fileRef = 6CA7D4C7196C8A7C009DE89B /* Images.xcassets */; };
		6CA7D4CF196C8A7C009DE89B /* XCTest.framework in Frameworks */ = {isa = PBXBuildFile; fileRef = 6CA7D4CE196C8A7C009DE89B /* XCTest.framework */; };
		6CA7D4D0196C8A7C009DE89B /* Foundation.framework in Frameworks */ = {isa = PBXBuildFile; fileRef = 6CA7D4B0196C8A7C009DE89B /* Foundation.framework */; };
		6CA7D4D1196C8A7C009DE89B /* UIKit.framework in Frameworks */ = {isa = PBXBuildFile; fileRef = 6CA7D4B4196C8A7C009DE89B /* UIKit.framework */; };
		6CA7D4D2196C8A7C009DE89B /* CoreData.framework in Frameworks */ = {isa = PBXBuildFile; fileRef = 6CA7D4B6196C8A7C009DE89B /* CoreData.framework */; };
		6CA7D4DA196C8A7C009DE89B /* InfoPlist.strings in Resources */ = {isa = PBXBuildFile; fileRef = 6CA7D4D8196C8A7C009DE89B /* InfoPlist.strings */; };
		6CA7D4DC196C8A7C009DE89B /* Remindersv3Tests.m in Sources */ = {isa = PBXBuildFile; fileRef = 6CA7D4DB196C8A7C009DE89B /* Remindersv3Tests.m */; };
/* End PBXBuildFile section */

/* Begin PBXContainerItemProxy section */
		6CA7D4D3196C8A7C009DE89B /* PBXContainerItemProxy */ = {
			isa = PBXContainerItemProxy;
			containerPortal = 6CA7D4A5196C8A7C009DE89B /* Project object */;
			proxyType = 1;
			remoteGlobalIDString = 6CA7D4AC196C8A7C009DE89B;
			remoteInfo = Remindersv3;
		};
/* End PBXContainerItemProxy section */

/* Begin PBXFileReference section */
		6CA7D4AD196C8A7C009DE89B /* Remindersv3.app */ = {isa = PBXFileReference; explicitFileType = wrapper.application; includeInIndex = 0; path = Remindersv3.app; sourceTree = BUILT_PRODUCTS_DIR; };
		6CA7D4B0196C8A7C009DE89B /* Foundation.framework */ = {isa = PBXFileReference; lastKnownFileType = wrapper.framework; name = Foundation.framework; path = System/Library/Frameworks/Foundation.framework; sourceTree = SDKROOT; };
		6CA7D4B2196C8A7C009DE89B /* CoreGraphics.framework */ = {isa = PBXFileReference; lastKnownFileType = wrapper.framework; name = CoreGraphics.framework; path = System/Library/Frameworks/CoreGraphics.framework; sourceTree = SDKROOT; };
		6CA7D4B4196C8A7C009DE89B /* UIKit.framework */ = {isa = PBXFileReference; lastKnownFileType = wrapper.framework; name = UIKit.framework; path = System/Library/Frameworks/UIKit.framework; sourceTree = SDKROOT; };
		6CA7D4B6196C8A7C009DE89B /* CoreData.framework */ = {isa = PBXFileReference; lastKnownFileType = wrapper.framework; name = CoreData.framework; path = System/Library/Frameworks/CoreData.framework; sourceTree = SDKROOT; };
		6CA7D4BA196C8A7C009DE89B /* Remindersv3-Info.plist */ = {isa = PBXFileReference; lastKnownFileType = text.plist.xml; path = "Remindersv3-Info.plist"; sourceTree = "<group>"; };
		6CA7D4BC196C8A7C009DE89B /* en */ = {isa = PBXFileReference; lastKnownFileType = text.plist.strings; name = en; path = en.lproj/InfoPlist.strings; sourceTree = "<group>"; };
		6CA7D4BE196C8A7C009DE89B /* main.m */ = {isa = PBXFileReference; lastKnownFileType = sourcecode.c.objc; path = main.m; sourceTree = "<group>"; };
		6CA7D4C0196C8A7C009DE89B /* Remindersv3-Prefix.pch */ = {isa = PBXFileReference; lastKnownFileType = sourcecode.c.h; path = "Remindersv3-Prefix.pch"; sourceTree = "<group>"; };
		6CA7D4C1196C8A7C009DE89B /* ACUAppDelegate.h */ = {isa = PBXFileReference; lastKnownFileType = sourcecode.c.h; path = ACUAppDelegate.h; sourceTree = "<group>"; };
		6CA7D4C2196C8A7C009DE89B /* ACUAppDelegate.m */ = {isa = PBXFileReference; lastKnownFileType = sourcecode.c.objc; path = ACUAppDelegate.m; sourceTree = "<group>"; };
		6CA7D4C5196C8A7C009DE89B /* Remindersv3.xcdatamodel */ = {isa = PBXFileReference; lastKnownFileType = wrapper.xcdatamodel; path = Remindersv3.xcdatamodel; sourceTree = "<group>"; };
		6CA7D4C7196C8A7C009DE89B /* Images.xcassets */ = {isa = PBXFileReference; lastKnownFileType = folder.assetcatalog; path = Images.xcassets; sourceTree = "<group>"; };
		6CA7D4CD196C8A7C009DE89B /* Remindersv3Tests.xctest */ = {isa = PBXFileReference; explicitFileType = wrapper.cfbundle; includeInIndex = 0; path = Remindersv3Tests.xctest; sourceTree = BUILT_PRODUCTS_DIR; };
		6CA7D4CE196C8A7C009DE89B /* XCTest.framework */ = {isa = PBXFileReference; lastKnownFileType = wrapper.framework; name = XCTest.framework; path = Library/Frameworks/XCTest.framework; sourceTree = DEVELOPER_DIR; };
		6CA7D4D7196C8A7C009DE89B /* Remindersv3Tests-Info.plist */ = {isa = PBXFileReference; lastKnownFileType = text.plist.xml; path = "Remindersv3Tests-Info.plist"; sourceTree = "<group>"; };
		6CA7D4D9196C8A7C009DE89B /* en */ = {isa = PBXFileReference; lastKnownFileType = text.plist.strings; name = en; path = en.lproj/InfoPlist.strings; sourceTree = "<group>"; };
		6CA7D4DB196C8A7C009DE89B /* Remindersv3Tests.m */ = {isa = PBXFileReference; lastKnownFileType = sourcecode.c.objc; path = Remindersv3Tests.m; sourceTree = "<group>"; };
/* End PBXFileReference section */

/* Begin PBXFrameworksBuildPhase section */
		6CA7D4AA196C8A7C009DE89B /* Frameworks */ = {
			isa = PBXFrameworksBuildPhase;
			buildActionMask = 2147483647;
			files = (
				6CA7D4B3196C8A7C009DE89B /* CoreGraphics.framework in Frameworks */,
				6CA7D4B7196C8A7C009DE89B /* CoreData.framework in Frameworks */,
				6CA7D4B5196C8A7C009DE89B /* UIKit.framework in Frameworks */,
				6CA7D4B1196C8A7C009DE89B /* Foundation.framework in Frameworks */,
			);
			runOnlyForDeploymentPostprocessing = 0;
		};
		6CA7D4CA196C8A7C009DE89B /* Frameworks */ = {
			isa = PBXFrameworksBuildPhase;
			buildActionMask = 2147483647;
			files = (
				6CA7D4CF196C8A7C009DE89B /* XCTest.framework in Frameworks */,
				6CA7D4D2196C8A7C009DE89B /* CoreData.framework in Frameworks */,
				6CA7D4D1196C8A7C009DE89B /* UIKit.framework in Frameworks */,
				6CA7D4D0196C8A7C009DE89B /* Foundation.framework in Frameworks */,
			);
			runOnlyForDeploymentPostprocessing = 0;
		};
/* End PBXFrameworksBuildPhase section */

/* Begin PBXGroup section */
		6CA7D4A4196C8A7C009DE89B = {
			isa = PBXGroup;
			children = (
				6CA7D4B8196C8A7C009DE89B /* Remindersv3 */,
				6CA7D4D5196C8A7C009DE89B /* Remindersv3Tests */,
				6CA7D4AF196C8A7C009DE89B /* Frameworks */,
				6CA7D4AE196C8A7C009DE89B /* Products */,
			);
			sourceTree = "<group>";
		};
		6CA7D4AE196C8A7C009DE89B /* Products */ = {
			isa = PBXGroup;
			children = (
				6CA7D4AD196C8A7C009DE89B /* Remindersv3.app */,
				6CA7D4CD196C8A7C009DE89B /* Remindersv3Tests.xctest */,
			);
			name = Products;
			sourceTree = "<group>";
		};
		6CA7D4AF196C8A7C009DE89B /* Frameworks */ = {
			isa = PBXGroup;
			children = (
				6CA7D4B0196C8A7C009DE89B /* Foundation.framework */,
				6CA7D4B2196C8A7C009DE89B /* CoreGraphics.framework */,
				6CA7D4B4196C8A7C009DE89B /* UIKit.framework */,
				6CA7D4B6196C8A7C009DE89B /* CoreData.framework */,
				6CA7D4CE196C8A7C009DE89B /* XCTest.framework */,
			);
			name = Frameworks;
			sourceTree = "<group>";
		};
		6CA7D4B8196C8A7C009DE89B /* Remindersv3 */ = {
			isa = PBXGroup;
			children = (
				6CA7D4C1196C8A7C009DE89B /* ACUAppDelegate.h */,
				6CA7D4C2196C8A7C009DE89B /* ACUAppDelegate.m */,
				6CA7D4C7196C8A7C009DE89B /* Images.xcassets */,
				6CA7D4C4196C8A7C009DE89B /* Remindersv3.xcdatamodeld */,
				6CA7D4B9196C8A7C009DE89B /* Supporting Files */,
			);
			path = Remindersv3;
			sourceTree = "<group>";
		};
		6CA7D4B9196C8A7C009DE89B /* Supporting Files */ = {
			isa = PBXGroup;
			children = (
				6CA7D4BA196C8A7C009DE89B /* Remindersv3-Info.plist */,
				6CA7D4BB196C8A7C009DE89B /* InfoPlist.strings */,
				6CA7D4BE196C8A7C009DE89B /* main.m */,
				6CA7D4C0196C8A7C009DE89B /* Remindersv3-Prefix.pch */,
			);
			name = "Supporting Files";
			sourceTree = "<group>";
		};
		6CA7D4D5196C8A7C009DE89B /* Remindersv3Tests */ = {
			isa = PBXGroup;
			children = (
				6CA7D4DB196C8A7C009DE89B /* Remindersv3Tests.m */,
				6CA7D4D6196C8A7C009DE89B /* Supporting Files */,
			);
			path = Remindersv3Tests;
			sourceTree = "<group>";
		};
		6CA7D4D6196C8A7C009DE89B /* Supporting Files */ = {
			isa = PBXGroup;
			children = (
				6CA7D4D7196C8A7C009DE89B /* Remindersv3Tests-Info.plist */,
				6CA7D4D8196C8A7C009DE89B /* InfoPlist.strings */,
			);
			name = "Supporting Files";
			sourceTree = "<group>";
		};
/* End PBXGroup section */

/* Begin PBXNativeTarget section */
		6CA7D4AC196C8A7C009DE89B /* Remindersv3 */ = {
			isa = PBXNativeTarget;
			buildConfigurationList = 6CA7D4DF196C8A7C009DE89B /* Build configuration list for PBXNativeTarget "Remindersv3" */;
			buildPhases = (
				6CA7D4A9196C8A7C009DE89B /* Sources */,
				6CA7D4AA196C8A7C009DE89B /* Frameworks */,
				6CA7D4AB196C8A7C009DE89B /* Resources */,
			);
			buildRules = (
			);
			dependencies = (
			);
			name = Remindersv3;
			productName = Remindersv3;
			productReference = 6CA7D4AD196C8A7C009DE89B /* Remindersv3.app */;
			productType = "com.apple.product-type.application";
		};
		6CA7D4CC196C8A7C009DE89B /* Remindersv3Tests */ = {
			isa = PBXNativeTarget;
			buildConfigurationList = 6CA7D4E2196C8A7C009DE89B /* Build configuration list for PBXNativeTarget "Remindersv3Tests" */;
			buildPhases = (
				6CA7D4C9196C8A7C009DE89B /* Sources */,
				6CA7D4CA196C8A7C009DE89B /* Frameworks */,
				6CA7D4CB196C8A7C009DE89B /* Resources */,
			);
			buildRules = (
			);
			dependencies = (
				6CA7D4D4196C8A7C009DE89B /* PBXTargetDependency */,
			);
			name = Remindersv3Tests;
			productName = Remindersv3Tests;
			productReference = 6CA7D4CD196C8A7C009DE89B /* Remindersv3Tests.xctest */;
			productType = "com.apple.product-type.bundle.unit-test";
		};
/* End PBXNativeTarget section */

/* Begin PBXProject section */
		6CA7D4A5196C8A7C009DE89B /* Project object */ = {
			isa = PBXProject;
			attributes = {
				CLASSPREFIX = ACU;
				LastUpgradeCheck = 0510;
				ORGANIZATIONNAME = "Big Nerd Ranch";
				TargetAttributes = {
					6CA7D4CC196C8A7C009DE89B = {
						TestTargetID = 6CA7D4AC196C8A7C009DE89B;
					};
				};
			};
			buildConfigurationList = 6CA7D4A8196C8A7C009DE89B /* Build configuration list for PBXProject "Remindersv3" */;
			compatibilityVersion = "Xcode 3.2";
			developmentRegion = English;
			hasScannedForEncodings = 0;
			knownRegions = (
				en,
			);
			mainGroup = 6CA7D4A4196C8A7C009DE89B;
			productRefGroup = 6CA7D4AE196C8A7C009DE89B /* Products */;
			projectDirPath = "";
			projectRoot = "";
			targets = (
				6CA7D4AC196C8A7C009DE89B /* Remindersv3 */,
				6CA7D4CC196C8A7C009DE89B /* Remindersv3Tests */,
			);
		};
/* End PBXProject section */

/* Begin PBXResourcesBuildPhase section */
		6CA7D4AB196C8A7C009DE89B /* Resources */ = {
			isa = PBXResourcesBuildPhase;
			buildActionMask = 2147483647;
			files = (
				6CA7D4BD196C8A7C009DE89B /* InfoPlist.strings in Resources */,
				6CA7D4C8196C8A7C009DE89B /* Images.xcassets in Resources */,
			);
			runOnlyForDeploymentPostprocessing = 0;
		};
		6CA7D4CB196C8A7C009DE89B /* Resources */ = {
			isa = PBXResourcesBuildPhase;
			buildActionMask = 2147483647;
			files = (
				6CA7D4DA196C8A7C009DE89B /* InfoPlist.strings in Resources */,
			);
			runOnlyForDeploymentPostprocessing = 0;
		};
/* End PBXResourcesBuildPhase section */

/* Begin PBXSourcesBuildPhase section */
		6CA7D4A9196C8A7C009DE89B /* Sources */ = {
			isa = PBXSourcesBuildPhase;
			buildActionMask = 2147483647;
			files = (
				6CA7D4C6196C8A7C009DE89B /* Remindersv3.xcdatamodeld in Sources */,
				6CA7D4C3196C8A7C009DE89B /* ACUAppDelegate.m in Sources */,
				6CA7D4BF196C8A7C009DE89B /* main.m in Sources */,
			);
			runOnlyForDeploymentPostprocessing = 0;
		};
		6CA7D4C9196C8A7C009DE89B /* Sources */ = {
			isa = PBXSourcesBuildPhase;
			buildActionMask = 2147483647;
			files = (
				6CA7D4DC196C8A7C009DE89B /* Remindersv3Tests.m in Sources */,
			);
			runOnlyForDeploymentPostprocessing = 0;
		};
/* End PBXSourcesBuildPhase section */

/* Begin PBXTargetDependency section */
		6CA7D4D4196C8A7C009DE89B /* PBXTargetDependency */ = {
			isa = PBXTargetDependency;
			target = 6CA7D4AC196C8A7C009DE89B /* Remindersv3 */;
			targetProxy = 6CA7D4D3196C8A7C009DE89B /* PBXContainerItemProxy */;
		};
/* End PBXTargetDependency section */

/* Begin PBXVariantGroup section */
		6CA7D4BB196C8A7C009DE89B /* InfoPlist.strings */ = {
			isa = PBXVariantGroup;
			children = (
				6CA7D4BC196C8A7C009DE89B /* en */,
			);
			name = InfoPlist.strings;
			sourceTree = "<group>";
		};
		6CA7D4D8196C8A7C009DE89B /* InfoPlist.strings */ = {
			isa = PBXVariantGroup;
			children = (
				6CA7D4D9196C8A7C009DE89B /* en */,
			);
			name = InfoPlist.strings;
			sourceTree = "<group>";
		};
/* End PBXVariantGroup section */

/* Begin XCBuildConfiguration section */
		6CA7D4DD196C8A7C009DE89B /* Debug */ = {
			isa = XCBuildConfiguration;
			buildSettings = {
				ALWAYS_SEARCH_USER_PATHS = NO;
				CLANG_CXX_LANGUAGE_STANDARD = "gnu++0x";
				CLANG_CXX_LIBRARY = "libc++";
				CLANG_ENABLE_MODULES = YES;
				CLANG_ENABLE_OBJC_ARC = YES;
				CLANG_WARN_BOOL_CONVERSION = YES;
				CLANG_WARN_CONSTANT_CONVERSION = YES;
				CLANG_WARN_DIRECT_OBJC_ISA_USAGE = YES_ERROR;
				CLANG_WARN_EMPTY_BODY = YES;
				CLANG_WARN_ENUM_CONVERSION = YES;
				CLANG_WARN_INT_CONVERSION = YES;
				CLANG_WARN_OBJC_ROOT_CLASS = YES_ERROR;
				CLANG_WARN__DUPLICATE_METHOD_MATCH = YES;
				"CODE_SIGN_IDENTITY[sdk=iphoneos*]" = "iPhone Developer";
				COPY_PHASE_STRIP = NO;
				GCC_C_LANGUAGE_STANDARD = gnu99;
				GCC_DYNAMIC_NO_PIC = NO;
				GCC_OPTIMIZATION_LEVEL = 0;
				GCC_PREPROCESSOR_DEFINITIONS = (
					"DEBUG=1",
					"$(inherited)",
				);
				GCC_SYMBOLS_PRIVATE_EXTERN = NO;
				GCC_WARN_64_TO_32_BIT_CONVERSION = YES;
				GCC_WARN_ABOUT_RETURN_TYPE = YES_ERROR;
				GCC_WARN_UNDECLARED_SELECTOR = YES;
				GCC_WARN_UNINITIALIZED_AUTOS = YES_AGGRESSIVE;
				GCC_WARN_UNUSED_FUNCTION = YES;
				GCC_WARN_UNUSED_VARIABLE = YES;
				IPHONEOS_DEPLOYMENT_TARGET = 7.1;
				ONLY_ACTIVE_ARCH = YES;
				SDKROOT = iphoneos;
			};
			name = Debug;
		};
		6CA7D4DE196C8A7C009DE89B /* Release */ = {
			isa = XCBuildConfiguration;
			buildSettings = {
				ALWAYS_SEARCH_USER_PATHS = NO;
				CLANG_CXX_LANGUAGE_STANDARD = "gnu++0x";
				CLANG_CXX_LIBRARY = "libc++";
				CLANG_ENABLE_MODULES = YES;
				CLANG_ENABLE_OBJC_ARC = YES;
				CLANG_WARN_BOOL_CONVERSION = YES;
				CLANG_WARN_CONSTANT_CONVERSION = YES;
				CLANG_WARN_DIRECT_OBJC_ISA_USAGE = YES_ERROR;
				CLANG_WARN_EMPTY_BODY = YES;
				CLANG_WARN_ENUM_CONVERSION = YES;
				CLANG_WARN_INT_CONVERSION = YES;
				CLANG_WARN_OBJC_ROOT_CLASS = YES_ERROR;
				CLANG_WARN__DUPLICATE_METHOD_MATCH = YES;
				"CODE_SIGN_IDENTITY[sdk=iphoneos*]" = "iPhone Developer";
				COPY_PHASE_STRIP = YES;
				ENABLE_NS_ASSERTIONS = NO;
				GCC_C_LANGUAGE_STANDARD = gnu99;
				GCC_WARN_64_TO_32_BIT_CONVERSION = YES;
				GCC_WARN_ABOUT_RETURN_TYPE = YES_ERROR;
				GCC_WARN_UNDECLARED_SELECTOR = YES;
				GCC_WARN_UNINITIALIZED_AUTOS = YES_AGGRESSIVE;
				GCC_WARN_UNUSED_FUNCTION = YES;
				GCC_WARN_UNUSED_VARIABLE = YES;
				IPHONEOS_DEPLOYMENT_TARGET = 7.1;
				SDKROOT = iphoneos;
				VALIDATE_PRODUCT = YES;
			};
			name = Release;
		};
		6CA7D4E0196C8A7C009DE89B /* Debug */ = {
			isa = XCBuildConfiguration;
			buildSettings = {
				ASSETCATALOG_COMPILER_APPICON_NAME = AppIcon;
				ASSETCATALOG_COMPILER_LAUNCHIMAGE_NAME = LaunchImage;
				GCC_PRECOMPILE_PREFIX_HEADER = YES;
				GCC_PREFIX_HEADER = "Remindersv3/Remindersv3-Prefix.pch";
				INFOPLIST_FILE = "Remindersv3/Remindersv3-Info.plist";
				PRODUCT_NAME = "$(TARGET_NAME)";
				WRAPPER_EXTENSION = app;
			};
			name = Debug;
		};
		6CA7D4E1196C8A7C009DE89B /* Release */ = {
			isa = XCBuildConfiguration;
			buildSettings = {
				ASSETCATALOG_COMPILER_APPICON_NAME = AppIcon;
				ASSETCATALOG_COMPILER_LAUNCHIMAGE_NAME = LaunchImage;
				GCC_PRECOMPILE_PREFIX_HEADER = YES;
				GCC_PREFIX_HEADER = "Remindersv3/Remindersv3-Prefix.pch";
				INFOPLIST_FILE = "Remindersv3/Remindersv3-Info.plist";
				PRODUCT_NAME = "$(TARGET_NAME)";
				WRAPPER_EXTENSION = app;
			};
			name = Release;
		};
		6CA7D4E3196C8A7C009DE89B /* Debug */ = {
			isa = XCBuildConfiguration;
			buildSettings = {
				BUNDLE_LOADER = "$(BUILT_PRODUCTS_DIR)/Remindersv3.app/Remindersv3";
				FRAMEWORK_SEARCH_PATHS = (
					"$(SDKROOT)/Developer/Library/Frameworks",
					"$(inherited)",
					"$(DEVELOPER_FRAMEWORKS_DIR)",
				);
				GCC_PRECOMPILE_PREFIX_HEADER = YES;
				GCC_PREFIX_HEADER = "Remindersv3/Remindersv3-Prefix.pch";
				GCC_PREPROCESSOR_DEFINITIONS = (
					"DEBUG=1",
					"$(inherited)",
				);
				INFOPLIST_FILE = "Remindersv3Tests/Remindersv3Tests-Info.plist";
				PRODUCT_NAME = "$(TARGET_NAME)";
				TEST_HOST = "$(BUNDLE_LOADER)";
				WRAPPER_EXTENSION = xctest;
			};
			name = Debug;
		};
		6CA7D4E4196C8A7C009DE89B /* Release */ = {
			isa = XCBuildConfiguration;
			buildSettings = {
				BUNDLE_LOADER = "$(BUILT_PRODUCTS_DIR)/Remindersv3.app/Remindersv3";
				FRAMEWORK_SEARCH_PATHS = (
					"$(SDKROOT)/Developer/Library/Frameworks",
					"$(inherited)",
					"$(DEVELOPER_FRAMEWORKS_DIR)",
				);
				GCC_PRECOMPILE_PREFIX_HEADER = YES;
				GCC_PREFIX_HEADER = "Remindersv3/Remindersv3-Prefix.pch";
				INFOPLIST_FILE = "Remindersv3Tests/Remindersv3Tests-Info.plist";
				PRODUCT_NAME = "$(TARGET_NAME)";
				TEST_HOST = "$(BUNDLE_LOADER)";
				WRAPPER_EXTENSION = xctest;
			};
			name = Release;
		};
/* End XCBuildConfiguration section */

/* Begin XCConfigurationList section */
		6CA7D4A8196C8A7C009DE89B /* Build configuration list for PBXProject "Remindersv3" */ = {
			isa = XCConfigurationList;
			buildConfigurations = (
				6CA7D4DD196C8A7C009DE89B /* Debug */,
				6CA7D4DE196C8A7C009DE89B /* Release */,
			);
			defaultConfigurationIsVisible = 0;
			defaultConfigurationName = Release;
		};
		6CA7D4DF196C8A7C009DE89B /* Build configuration list for PBXNativeTarget "Remindersv3" */ = {
			isa = XCConfigurationList;
			buildConfigurations = (
				6CA7D4E0196C8A7C009DE89B /* Debug */,
				6CA7D4E1196C8A7C009DE89B /* Release */,
			);
			defaultConfigurationIsVisible = 0;
		};
		6CA7D4E2196C8A7C009DE89B /* Build configuration list for PBXNativeTarget "Remindersv3Tests" */ = {
			isa = XCConfigurationList;
			buildConfigurations = (
				6CA7D4E3196C8A7C009DE89B /* Debug */,
				6CA7D4E4196C8A7C009DE89B /* Release */,
			);
			defaultConfigurationIsVisible = 0;
		};
/* End XCConfigurationList section */

/* Begin XCVersionGroup section */
		6CA7D4C4196C8A7C009DE89B /* Remindersv3.xcdatamodeld */ = {
			isa = XCVersionGroup;
			children = (
				6CA7D4C5196C8A7C009DE89B /* Remindersv3.xcdatamodel */,
			);
			currentVersion = 6CA7D4C5196C8A7C009DE89B /* Remindersv3.xcdatamodel */;
			path = Remindersv3.xcdatamodeld;
			sourceTree = "<group>";
			versionGroupType = wrapper.xcdatamodel;
		};
/* End XCVersionGroup section */
	};
	rootObject = 6CA7D4A5196C8A7C009DE89B /* Project object */;
}
